
Microsoft Visual Studio Solution File, Format Version 12.00
# Visual Studio Version 16
VisualStudioVersion = 16.0.29521.150
MinimumVisualStudioVersion = 10.0.40219.1
Project("{9A19103F-16F7-4668-BE54-9A1E7A4F7556}") = "slack-theme-builder-blazor", "slack-theme-builder-blazor.csproj", "{B0DB42AE-993D-4D73-B932-456BCD4FB7A7}"
EndProject
Global
	GlobalSection(SolutionConfigurationPlatforms) = preSolution
		Debug|Any CPU = Debug|Any CPU
		Release|Any CPU = Release|Any CPU
	EndGlobalSection
	GlobalSection(ProjectConfigurationPlatforms) = postSolution
		{B0DB42AE-993D-4D73-B932-456BCD4FB7A7}.Debug|Any CPU.ActiveCfg = Debug|Any CPU
		{B0DB42AE-993D-4D73-B932-456BCD4FB7A7}.Debug|Any CPU.Build.0 = Debug|Any CPU
		{B0DB42AE-993D-4D73-B932-456BCD4FB7A7}.Release|Any CPU.ActiveCfg = Release|Any CPU
		{B0DB42AE-993D-4D73-B932-456BCD4FB7A7}.Release|Any CPU.Build.0 = Release|Any CPU
	EndGlobalSection
	GlobalSection(SolutionProperties) = preSolution
		HideSolutionNode = FALSE
	EndGlobalSection
	GlobalSection(ExtensibilityGlobals) = postSolution
		SolutionGuid = {D8419E87-1072-4055-8169-D3C9F3DD42A9}
	EndGlobalSection
EndGlobal
